
Microsoft Visual Studio Solution File, Format Version 12.00
# Visual Studio Version 16
VisualStudioVersion = 16.0.30114.105
MinimumVisualStudioVersion = 10.0.40219.1
Project("{2150E333-8FDC-42A3-9474-1A3956D46DE8}") = "explogine", "explogine", "{2AAC9F48-EAE0-4DF3-A649-712824C3E893}"
EndProject
Project("{2150E333-8FDC-42A3-9474-1A3956D46DE8}") = "Library", "Library", "{B91377D3-0DFD-4684-B6EC-5B648767A985}"
EndProject
Project("{FAE04EC0-301F-11D3-BF4B-00C04F79EFBC}") = "ExplogineCore", "explogine\Library\ExplogineCore\ExplogineCore.csproj", "{AA733551-C51A-41F6-96BC-EBB148BEF24B}"
EndProject
Project("{FAE04EC0-301F-11D3-BF4B-00C04F79EFBC}") = "ExplogineDesktop", "explogine\Library\ExplogineDesktop\ExplogineDesktop.csproj", "{3A1E826A-7E2B-4BBD-AC9B-37032176AD3F}"
EndProject
Project("{FAE04EC0-301F-11D3-BF4B-00C04F79EFBC}") = "ExplogineMonoGame", "explogine\Library\ExplogineMonoGame\ExplogineMonoGame.csproj", "{EA1DD80D-54AF-4B34-AE8D-C701642256C5}"
EndProject
Project("{FAE04EC0-301F-11D3-BF4B-00C04F79EFBC}") = "ExTween", "explogine\Library\ExTween\ExTween\ExTween.csproj", "{784A80D7-A014-4D6E-A87B-80B639DB0777}"
EndProject
Project("{FAE04EC0-301F-11D3-BF4B-00C04F79EFBC}") = "ExTweenMonoGame", "explogine\Library\ExTween\ExTweenMonoGame\ExTweenMonoGame.csproj", "{A3624284-DE07-4855-879B-EA2EB1777127}"
EndProject
Project("{2150E333-8FDC-42A3-9474-1A3956D46DE8}") = "Tests", "Tests", "{67AB24AA-24E3-496F-928E-D6E1383B5708}"
EndProject
Project("{FAE04EC0-301F-11D3-BF4B-00C04F79EFBC}") = "ExplogineCoreTests", "explogine\Tests\ExplogineCoreTests\ExplogineCoreTests.csproj", "{FB8DC70E-D288-43C8-BD73-63545DA56B13}"
EndProject
Project("{FAE04EC0-301F-11D3-BF4B-00C04F79EFBC}") = "TestExTween", "explogine\Tests\TestExTween\TestExTween.csproj", "{DA09B420-9E13-40E7-921C-ED02C143A2B5}"
EndProject
Project("{D954291E-2A0B-460D-934E-DC6B0785DB48}") = "Assets", "Assets\Assets.shproj", "{A0CDBD0E-3A41-42B7-9425-A838BC2C7383}"
EndProject
Project("{FAE04EC0-301F-11D3-BF4B-00C04F79EFBC}") = "LudJam", "LudJam\LudJam.csproj", "{6E97F2D3-4DD9-431B-A7D0-AEA7326AFDBA}"
EndProject
Global
	GlobalSection(SolutionConfigurationPlatforms) = preSolution
		Debug|Any CPU = Debug|Any CPU
		Release|Any CPU = Release|Any CPU
	EndGlobalSection
	GlobalSection(SolutionProperties) = preSolution
		HideSolutionNode = FALSE
	EndGlobalSection
	GlobalSection(ProjectConfigurationPlatforms) = postSolution
		{AA733551-C51A-41F6-96BC-EBB148BEF24B}.Debug|Any CPU.ActiveCfg = Debug|Any CPU
		{AA733551-C51A-41F6-96BC-EBB148BEF24B}.Debug|Any CPU.Build.0 = Debug|Any CPU
		{AA733551-C51A-41F6-96BC-EBB148BEF24B}.Release|Any CPU.ActiveCfg = Release|Any CPU
		{AA733551-C51A-41F6-96BC-EBB148BEF24B}.Release|Any CPU.Build.0 = Release|Any CPU
		{3A1E826A-7E2B-4BBD-AC9B-37032176AD3F}.Debug|Any CPU.ActiveCfg = Debug|Any CPU
		{3A1E826A-7E2B-4BBD-AC9B-37032176AD3F}.Debug|Any CPU.Build.0 = Debug|Any CPU
		{3A1E826A-7E2B-4BBD-AC9B-37032176AD3F}.Release|Any CPU.ActiveCfg = Release|Any CPU
		{3A1E826A-7E2B-4BBD-AC9B-37032176AD3F}.Release|Any CPU.Build.0 = Release|Any CPU
		{EA1DD80D-54AF-4B34-AE8D-C701642256C5}.Debug|Any CPU.ActiveCfg = Debug|Any CPU
		{EA1DD80D-54AF-4B34-AE8D-C701642256C5}.Debug|Any CPU.Build.0 = Debug|Any CPU
		{EA1DD80D-54AF-4B34-AE8D-C701642256C5}.Release|Any CPU.ActiveCfg = Release|Any CPU
		{EA1DD80D-54AF-4B34-AE8D-C701642256C5}.Release|Any CPU.Build.0 = Release|Any CPU
		{784A80D7-A014-4D6E-A87B-80B639DB0777}.Debug|Any CPU.ActiveCfg = Debug|Any CPU
		{784A80D7-A014-4D6E-A87B-80B639DB0777}.Debug|Any CPU.Build.0 = Debug|Any CPU
		{784A80D7-A014-4D6E-A87B-80B639DB0777}.Release|Any CPU.ActiveCfg = Release|Any CPU
		{784A80D7-A014-4D6E-A87B-80B639DB0777}.Release|Any CPU.Build.0 = Release|Any CPU
		{A3624284-DE07-4855-879B-EA2EB1777127}.Debug|Any CPU.ActiveCfg = Debug|Any CPU
		{A3624284-DE07-4855-879B-EA2EB1777127}.Debug|Any CPU.Build.0 = Debug|Any CPU
		{A3624284-DE07-4855-879B-EA2EB1777127}.Release|Any CPU.ActiveCfg = Release|Any CPU
		{A3624284-DE07-4855-879B-EA2EB1777127}.Release|Any CPU.Build.0 = Release|Any CPU
		{FB8DC70E-D288-43C8-BD73-63545DA56B13}.Debug|Any CPU.ActiveCfg = Debug|Any CPU
		{FB8DC70E-D288-43C8-BD73-63545DA56B13}.Debug|Any CPU.Build.0 = Debug|Any CPU
		{FB8DC70E-D288-43C8-BD73-63545DA56B13}.Release|Any CPU.ActiveCfg = Release|Any CPU
		{FB8DC70E-D288-43C8-BD73-63545DA56B13}.Release|Any CPU.Build.0 = Release|Any CPU
		{DA09B420-9E13-40E7-921C-ED02C143A2B5}.Debug|Any CPU.ActiveCfg = Debug|Any CPU
		{DA09B420-9E13-40E7-921C-ED02C143A2B5}.Debug|Any CPU.Build.0 = Debug|Any CPU
		{DA09B420-9E13-40E7-921C-ED02C143A2B5}.Release|Any CPU.ActiveCfg = Release|Any CPU
		{DA09B420-9E13-40E7-921C-ED02C143A2B5}.Release|Any CPU.Build.0 = Release|Any CPU
		{6E97F2D3-4DD9-431B-A7D0-AEA7326AFDBA}.Debug|Any CPU.ActiveCfg = Debug|Any CPU
		{6E97F2D3-4DD9-431B-A7D0-AEA7326AFDBA}.Debug|Any CPU.Build.0 = Debug|Any CPU
		{6E97F2D3-4DD9-431B-A7D0-AEA7326AFDBA}.Release|Any CPU.ActiveCfg = Release|Any CPU
		{6E97F2D3-4DD9-431B-A7D0-AEA7326AFDBA}.Release|Any CPU.Build.0 = Release|Any CPU
	EndGlobalSection
	GlobalSection(NestedProjects) = preSolution
		{B91377D3-0DFD-4684-B6EC-5B648767A985} = {2AAC9F48-EAE0-4DF3-A649-712824C3E893}
		{AA733551-C51A-41F6-96BC-EBB148BEF24B} = {B91377D3-0DFD-4684-B6EC-5B648767A985}
		{3A1E826A-7E2B-4BBD-AC9B-37032176AD3F} = {B91377D3-0DFD-4684-B6EC-5B648767A985}
		{EA1DD80D-54AF-4B34-AE8D-C701642256C5} = {B91377D3-0DFD-4684-B6EC-5B648767A985}
		{784A80D7-A014-4D6E-A87B-80B639DB0777} = {B91377D3-0DFD-4684-B6EC-5B648767A985}
		{A3624284-DE07-4855-879B-EA2EB1777127} = {B91377D3-0DFD-4684-B6EC-5B648767A985}
		{67AB24AA-24E3-496F-928E-D6E1383B5708} = {2AAC9F48-EAE0-4DF3-A649-712824C3E893}
		{FB8DC70E-D288-43C8-BD73-63545DA56B13} = {67AB24AA-24E3-496F-928E-D6E1383B5708}
		{DA09B420-9E13-40E7-921C-ED02C143A2B5} = {67AB24AA-24E3-496F-928E-D6E1383B5708}
	EndGlobalSection
EndGlobal
